
Microsoft Visual Studio Solution File, Format Version 12.00
# Visual Studio Version 17
VisualStudioVersion = 17.4.33122.133
MinimumVisualStudioVersion = 10.0.40219.1
Project("{9A19103F-16F7-4668-BE54-9A1E7A4F7556}") = "cSharpHts", "cSharpHts\cSharpHts.csproj", "{54AF1E8B-3071-4440-990B-496DD8ED63CC}"
EndProject
Project("{FAE04EC0-301F-11D3-BF4B-00C04F79EFBC}") = "30_12 HT", "30_12 HT\30_12 HT.csproj", "{EFA76709-5EB4-4565-9241-FBA0B2929EE8}"
EndProject
Project("{FAE04EC0-301F-11D3-BF4B-00C04F79EFBC}") = "09_01 HT", "09_01 HT\09_01 HT.csproj", "{2B6CF053-630F-4BE7-98B1-E3E11A5B24FD}"
EndProject
Project("{FAE04EC0-301F-11D3-BF4B-00C04F79EFBC}") = "18_01 HT", "18_01 HT\18_01 HT.csproj", "{5DFE32AE-0331-48B6-AE6E-DEF4EC74BD32}"
EndProject
Project("{FAE04EC0-301F-11D3-BF4B-00C04F79EFBC}") = "20_01 HT", "20_01 HT\20_01 HT.csproj", "{8B0DD998-0DED-4B9E-807A-6378C589195D}"
EndProject
Project("{FAE04EC0-301F-11D3-BF4B-00C04F79EFBC}") = "22_01 HTs", "22_01 HTs\22_01 HTs.csproj", "{297F729E-4106-4971-B4A1-59717F646D46}"
EndProject
Project("{FAE04EC0-301F-11D3-BF4B-00C04F79EFBC}") = "25_01 Ht", "25_01 Ht\25_01 Ht.csproj", "{3B719398-D4D1-47D1-89FD-824683866623}"
EndProject
Project("{FAE04EC0-301F-11D3-BF4B-00C04F79EFBC}") = "27_01 Ht", "27_01 Ht\27_01 Ht.csproj", "{0152459B-96CA-4164-BE16-97FD03741C9C}"
EndProject
Project("{FAE04EC0-301F-11D3-BF4B-00C04F79EFBC}") = "01_02 HTs", "01_02 HTs\01_02 HTs.csproj", "{5F5A584D-3D59-423A-A27E-7533103D2995}"
EndProject
Global
	GlobalSection(SolutionConfigurationPlatforms) = preSolution
		Debug|Any CPU = Debug|Any CPU
		Release|Any CPU = Release|Any CPU
	EndGlobalSection
	GlobalSection(ProjectConfigurationPlatforms) = postSolution
		{54AF1E8B-3071-4440-990B-496DD8ED63CC}.Debug|Any CPU.ActiveCfg = Debug|Any CPU
		{54AF1E8B-3071-4440-990B-496DD8ED63CC}.Debug|Any CPU.Build.0 = Debug|Any CPU
		{54AF1E8B-3071-4440-990B-496DD8ED63CC}.Release|Any CPU.ActiveCfg = Release|Any CPU
		{54AF1E8B-3071-4440-990B-496DD8ED63CC}.Release|Any CPU.Build.0 = Release|Any CPU
		{EFA76709-5EB4-4565-9241-FBA0B2929EE8}.Debug|Any CPU.ActiveCfg = Debug|Any CPU
		{EFA76709-5EB4-4565-9241-FBA0B2929EE8}.Debug|Any CPU.Build.0 = Debug|Any CPU
		{EFA76709-5EB4-4565-9241-FBA0B2929EE8}.Release|Any CPU.ActiveCfg = Release|Any CPU
		{EFA76709-5EB4-4565-9241-FBA0B2929EE8}.Release|Any CPU.Build.0 = Release|Any CPU
		{2B6CF053-630F-4BE7-98B1-E3E11A5B24FD}.Debug|Any CPU.ActiveCfg = Debug|Any CPU
		{2B6CF053-630F-4BE7-98B1-E3E11A5B24FD}.Debug|Any CPU.Build.0 = Debug|Any CPU
		{2B6CF053-630F-4BE7-98B1-E3E11A5B24FD}.Release|Any CPU.ActiveCfg = Release|Any CPU
		{2B6CF053-630F-4BE7-98B1-E3E11A5B24FD}.Release|Any CPU.Build.0 = Release|Any CPU
		{5DFE32AE-0331-48B6-AE6E-DEF4EC74BD32}.Debug|Any CPU.ActiveCfg = Debug|Any CPU
		{5DFE32AE-0331-48B6-AE6E-DEF4EC74BD32}.Debug|Any CPU.Build.0 = Debug|Any CPU
		{5DFE32AE-0331-48B6-AE6E-DEF4EC74BD32}.Release|Any CPU.ActiveCfg = Release|Any CPU
		{5DFE32AE-0331-48B6-AE6E-DEF4EC74BD32}.Release|Any CPU.Build.0 = Release|Any CPU
		{8B0DD998-0DED-4B9E-807A-6378C589195D}.Debug|Any CPU.ActiveCfg = Debug|Any CPU
		{8B0DD998-0DED-4B9E-807A-6378C589195D}.Debug|Any CPU.Build.0 = Debug|Any CPU
		{8B0DD998-0DED-4B9E-807A-6378C589195D}.Release|Any CPU.ActiveCfg = Release|Any CPU
		{8B0DD998-0DED-4B9E-807A-6378C589195D}.Release|Any CPU.Build.0 = Release|Any CPU
		{297F729E-4106-4971-B4A1-59717F646D46}.Debug|Any CPU.ActiveCfg = Debug|Any CPU
		{297F729E-4106-4971-B4A1-59717F646D46}.Debug|Any CPU.Build.0 = Debug|Any CPU
		{297F729E-4106-4971-B4A1-59717F646D46}.Release|Any CPU.ActiveCfg = Release|Any CPU
		{297F729E-4106-4971-B4A1-59717F646D46}.Release|Any CPU.Build.0 = Release|Any CPU
		{3B719398-D4D1-47D1-89FD-824683866623}.Debug|Any CPU.ActiveCfg = Debug|Any CPU
		{3B719398-D4D1-47D1-89FD-824683866623}.Debug|Any CPU.Build.0 = Debug|Any CPU
		{3B719398-D4D1-47D1-89FD-824683866623}.Release|Any CPU.ActiveCfg = Release|Any CPU
		{3B719398-D4D1-47D1-89FD-824683866623}.Release|Any CPU.Build.0 = Release|Any CPU
		{0152459B-96CA-4164-BE16-97FD03741C9C}.Debug|Any CPU.ActiveCfg = Debug|Any CPU
		{0152459B-96CA-4164-BE16-97FD03741C9C}.Debug|Any CPU.Build.0 = Debug|Any CPU
		{0152459B-96CA-4164-BE16-97FD03741C9C}.Release|Any CPU.ActiveCfg = Release|Any CPU
		{0152459B-96CA-4164-BE16-97FD03741C9C}.Release|Any CPU.Build.0 = Release|Any CPU
		{5F5A584D-3D59-423A-A27E-7533103D2995}.Debug|Any CPU.ActiveCfg = Debug|Any CPU
		{5F5A584D-3D59-423A-A27E-7533103D2995}.Debug|Any CPU.Build.0 = Debug|Any CPU
		{5F5A584D-3D59-423A-A27E-7533103D2995}.Release|Any CPU.ActiveCfg = Release|Any CPU
		{5F5A584D-3D59-423A-A27E-7533103D2995}.Release|Any CPU.Build.0 = Release|Any CPU
	EndGlobalSection
	GlobalSection(SolutionProperties) = preSolution
		HideSolutionNode = FALSE
	EndGlobalSection
	GlobalSection(ExtensibilityGlobals) = postSolution
		SolutionGuid = {E594C472-E434-4802-B787-620FED48D3D3}
	EndGlobalSection
EndGlobal
